
Microsoft Visual Studio Solution File, Format Version 12.00
# Visual Studio Version 16
VisualStudioVersion = 16.0.31729.503
MinimumVisualStudioVersion = 10.0.40219.1
Project("{FAE04EC0-301F-11D3-BF4B-00C04F79EFBC}") = "Kalahari", "Kalahari\Kalahari.csproj", "{A8783906-EEA1-4577-8E2E-0664B4BCB72E}"
EndProject
Global
	GlobalSection(SolutionConfigurationPlatforms) = preSolution
		Debug|Any CPU = Debug|Any CPU
		Release|Any CPU = Release|Any CPU
	EndGlobalSection
	GlobalSection(ProjectConfigurationPlatforms) = postSolution
		{A8783906-EEA1-4577-8E2E-0664B4BCB72E}.Debug|Any CPU.ActiveCfg = Debug|Any CPU
		{A8783906-EEA1-4577-8E2E-0664B4BCB72E}.Debug|Any CPU.Build.0 = Debug|Any CPU
		{A8783906-EEA1-4577-8E2E-0664B4BCB72E}.Release|Any CPU.ActiveCfg = Release|Any CPU
		{A8783906-EEA1-4577-8E2E-0664B4BCB72E}.Release|Any CPU.Build.0 = Release|Any CPU
	EndGlobalSection
	GlobalSection(SolutionProperties) = preSolution
		HideSolutionNode = FALSE
	EndGlobalSection
	GlobalSection(ExtensibilityGlobals) = postSolution
		SolutionGuid = {ABFF21AC-1C3C-45AE-8DC2-FB6367BC32BB}
	EndGlobalSection
EndGlobal
